// !$*UTF8*$!
{
	archiveVersion = 1;
	classes = {
	};
	objectVersion = 46;
	objects = {

/* Begin PBXBuildFile section */
		A05C84571DE42365007C8859 /* MutableCollection+Ext.swift in Sources */ = {isa = PBXBuildFile; fileRef = A05C84561DE42365007C8859 /* MutableCollection+Ext.swift */; };
		A05C84591DE43E86007C8859 /* Shakeable.swift in Sources */ = {isa = PBXBuildFile; fileRef = A05C84581DE43E86007C8859 /* Shakeable.swift */; };
		A0E84F591DE27D5200B75DB7 /* AppDelegate.swift in Sources */ = {isa = PBXBuildFile; fileRef = A0E84F581DE27D5200B75DB7 /* AppDelegate.swift */; };
		A0E84F5E1DE27D5200B75DB7 /* Main.storyboard in Resources */ = {isa = PBXBuildFile; fileRef = A0E84F5C1DE27D5200B75DB7 /* Main.storyboard */; };
		A0E84F601DE27D5200B75DB7 /* Assets.xcassets in Resources */ = {isa = PBXBuildFile; fileRef = A0E84F5F1DE27D5200B75DB7 /* Assets.xcassets */; };
		A0E84F631DE27D5200B75DB7 /* LaunchScreen.storyboard in Resources */ = {isa = PBXBuildFile; fileRef = A0E84F611DE27D5200B75DB7 /* LaunchScreen.storyboard */; };
		A0E84F6E1DE27D5200B75DB7 /* TacoPOPTests.swift in Sources */ = {isa = PBXBuildFile; fileRef = A0E84F6D1DE27D5200B75DB7 /* TacoPOPTests.swift */; };
		A0E84F7F1DE27E0800B75DB7 /* MainVC.swift in Sources */ = {isa = PBXBuildFile; fileRef = A0E84F7E1DE27E0800B75DB7 /* MainVC.swift */; };
		A0E84F811DE2809600B75DB7 /* DropShadow.swift in Sources */ = {isa = PBXBuildFile; fileRef = A0E84F801DE2809600B75DB7 /* DropShadow.swift */; };
		A0E84F831DE281A800B75DB7 /* HeaderView.swift in Sources */ = {isa = PBXBuildFile; fileRef = A0E84F821DE281A800B75DB7 /* HeaderView.swift */; };
		A0E84F851DE284A500B75DB7 /* Taco.swift in Sources */ = {isa = PBXBuildFile; fileRef = A0E84F841DE284A500B75DB7 /* Taco.swift */; };
		A0E84F871DE28A8900B75DB7 /* DataService.swift in Sources */ = {isa = PBXBuildFile; fileRef = A0E84F861DE28A8900B75DB7 /* DataService.swift */; };
		A0E84F8A1DE28D7A00B75DB7 /* TacoCell.swift in Sources */ = {isa = PBXBuildFile; fileRef = A0E84F881DE28D7A00B75DB7 /* TacoCell.swift */; };
		A0E84F8B1DE28D7A00B75DB7 /* TacoCell.xib in Resources */ = {isa = PBXBuildFile; fileRef = A0E84F891DE28D7A00B75DB7 /* TacoCell.xib */; };
		A0E84F8D1DE2978600B75DB7 /* ReusableView.swift in Sources */ = {isa = PBXBuildFile; fileRef = A0E84F8C1DE2978600B75DB7 /* ReusableView.swift */; };
		A0E84F8F1DE2985E00B75DB7 /* NibLoadableView.swift in Sources */ = {isa = PBXBuildFile; fileRef = A0E84F8E1DE2985E00B75DB7 /* NibLoadableView.swift */; };
		A0E84F911DE2994100B75DB7 /* UICollectionView+Ext.swift in Sources */ = {isa = PBXBuildFile; fileRef = A0E84F901DE2994100B75DB7 /* UICollectionView+Ext.swift */; };
/* End PBXBuildFile section */

/* Begin PBXContainerItemProxy section */
		A0E84F6A1DE27D5200B75DB7 /* PBXContainerItemProxy */ = {
			isa = PBXContainerItemProxy;
			containerPortal = A0E84F4D1DE27D5100B75DB7 /* Project object */;
			proxyType = 1;
			remoteGlobalIDString = A0E84F541DE27D5100B75DB7;
			remoteInfo = TacoPOP;
		};
/* End PBXContainerItemProxy section */

/* Begin PBXFileReference section */
		A05C84561DE42365007C8859 /* MutableCollection+Ext.swift */ = {isa = PBXFileReference; fileEncoding = 4; lastKnownFileType = sourcecode.swift; path = "MutableCollection+Ext.swift"; sourceTree = "<group>"; };
		A05C84581DE43E86007C8859 /* Shakeable.swift */ = {isa = PBXFileReference; fileEncoding = 4; lastKnownFileType = sourcecode.swift; path = Shakeable.swift; sourceTree = "<group>"; };
		A0E84F551DE27D5200B75DB7 /* TacoPOP.app */ = {isa = PBXFileReference; explicitFileType = wrapper.application; includeInIndex = 0; path = TacoPOP.app; sourceTree = BUILT_PRODUCTS_DIR; };
		A0E84F581DE27D5200B75DB7 /* AppDelegate.swift */ = {isa = PBXFileReference; lastKnownFileType = sourcecode.swift; path = AppDelegate.swift; sourceTree = "<group>"; };
		A0E84F5D1DE27D5200B75DB7 /* Base */ = {isa = PBXFileReference; lastKnownFileType = file.storyboard; name = Base; path = Base.lproj/Main.storyboard; sourceTree = "<group>"; };
		A0E84F5F1DE27D5200B75DB7 /* Assets.xcassets */ = {isa = PBXFileReference; lastKnownFileType = folder.assetcatalog; path = Assets.xcassets; sourceTree = "<group>"; };
		A0E84F621DE27D5200B75DB7 /* Base */ = {isa = PBXFileReference; lastKnownFileType = file.storyboard; name = Base; path = Base.lproj/LaunchScreen.storyboard; sourceTree = "<group>"; };
		A0E84F641DE27D5200B75DB7 /* Info.plist */ = {isa = PBXFileReference; lastKnownFileType = text.plist.xml; path = Info.plist; sourceTree = "<group>"; };
		A0E84F691DE27D5200B75DB7 /* TacoPOPTests.xctest */ = {isa = PBXFileReference; explicitFileType = wrapper.cfbundle; includeInIndex = 0; path = TacoPOPTests.xctest; sourceTree = BUILT_PRODUCTS_DIR; };
		A0E84F6D1DE27D5200B75DB7 /* TacoPOPTests.swift */ = {isa = PBXFileReference; lastKnownFileType = sourcecode.swift; path = TacoPOPTests.swift; sourceTree = "<group>"; };
		A0E84F6F1DE27D5200B75DB7 /* Info.plist */ = {isa = PBXFileReference; lastKnownFileType = text.plist.xml; path = Info.plist; sourceTree = "<group>"; };
		A0E84F7E1DE27E0800B75DB7 /* MainVC.swift */ = {isa = PBXFileReference; fileEncoding = 4; lastKnownFileType = sourcecode.swift; path = MainVC.swift; sourceTree = "<group>"; };
		A0E84F801DE2809600B75DB7 /* DropShadow.swift */ = {isa = PBXFileReference; fileEncoding = 4; lastKnownFileType = sourcecode.swift; path = DropShadow.swift; sourceTree = "<group>"; };
		A0E84F821DE281A800B75DB7 /* HeaderView.swift */ = {isa = PBXFileReference; fileEncoding = 4; lastKnownFileType = sourcecode.swift; path = HeaderView.swift; sourceTree = "<group>"; };
		A0E84F841DE284A500B75DB7 /* Taco.swift */ = {isa = PBXFileReference; fileEncoding = 4; lastKnownFileType = sourcecode.swift; path = Taco.swift; sourceTree = "<group>"; };
		A0E84F861DE28A8900B75DB7 /* DataService.swift */ = {isa = PBXFileReference; fileEncoding = 4; lastKnownFileType = sourcecode.swift; path = DataService.swift; sourceTree = "<group>"; };
		A0E84F881DE28D7A00B75DB7 /* TacoCell.swift */ = {isa = PBXFileReference; fileEncoding = 4; lastKnownFileType = sourcecode.swift; path = TacoCell.swift; sourceTree = "<group>"; };
		A0E84F891DE28D7A00B75DB7 /* TacoCell.xib */ = {isa = PBXFileReference; fileEncoding = 4; lastKnownFileType = file.xib; path = TacoCell.xib; sourceTree = "<group>"; };
		A0E84F8C1DE2978600B75DB7 /* ReusableView.swift */ = {isa = PBXFileReference; fileEncoding = 4; lastKnownFileType = sourcecode.swift; path = ReusableView.swift; sourceTree = "<group>"; };
		A0E84F8E1DE2985E00B75DB7 /* NibLoadableView.swift */ = {isa = PBXFileReference; fileEncoding = 4; lastKnownFileType = sourcecode.swift; path = NibLoadableView.swift; sourceTree = "<group>"; };
		A0E84F901DE2994100B75DB7 /* UICollectionView+Ext.swift */ = {isa = PBXFileReference; fileEncoding = 4; lastKnownFileType = sourcecode.swift; path = "UICollectionView+Ext.swift"; sourceTree = "<group>"; };
/* End PBXFileReference section */

/* Begin PBXFrameworksBuildPhase section */
		A0E84F521DE27D5100B75DB7 /* Frameworks */ = {
			isa = PBXFrameworksBuildPhase;
			buildActionMask = 2147483647;
			files = (
			);
			runOnlyForDeploymentPostprocessing = 0;
		};
		A0E84F661DE27D5200B75DB7 /* Frameworks */ = {
			isa = PBXFrameworksBuildPhase;
			buildActionMask = 2147483647;
			files = (
			);
			runOnlyForDeploymentPostprocessing = 0;
		};
/* End PBXFrameworksBuildPhase section */

/* Begin PBXGroup section */
		A0E84F4C1DE27D5100B75DB7 = {
			isa = PBXGroup;
			children = (
				A0E84F571DE27D5200B75DB7 /* TacoPOP */,
				A0E84F6C1DE27D5200B75DB7 /* TacoPOPTests */,
				A0E84F561DE27D5200B75DB7 /* Products */,
			);
			sourceTree = "<group>";
		};
		A0E84F561DE27D5200B75DB7 /* Products */ = {
			isa = PBXGroup;
			children = (
				A0E84F551DE27D5200B75DB7 /* TacoPOP.app */,
				A0E84F691DE27D5200B75DB7 /* TacoPOPTests.xctest */,
			);
			name = Products;
			sourceTree = "<group>";
		};
		A0E84F571DE27D5200B75DB7 /* TacoPOP */ = {
			isa = PBXGroup;
			children = (
				A0E84F7D1DE27DA400B75DB7 /* Extensions */,
				A0E84F7C1DE27D9700B75DB7 /* Protocols */,
				A0E84F7A1DE27D7A00B75DB7 /* Model */,
				A0E84F791DE27D7200B75DB7 /* View */,
				A0E84F781DE27D6900B75DB7 /* Controller */,
				A0E84F7B1DE27D8200B75DB7 /* Resources */,
				A0E84F5F1DE27D5200B75DB7 /* Assets.xcassets */,
			);
			path = TacoPOP;
			sourceTree = "<group>";
		};
		A0E84F6C1DE27D5200B75DB7 /* TacoPOPTests */ = {
			isa = PBXGroup;
			children = (
				A0E84F6D1DE27D5200B75DB7 /* TacoPOPTests.swift */,
				A0E84F6F1DE27D5200B75DB7 /* Info.plist */,
			);
			path = TacoPOPTests;
			sourceTree = "<group>";
		};
		A0E84F781DE27D6900B75DB7 /* Controller */ = {
			isa = PBXGroup;
			children = (
				A0E84F7E1DE27E0800B75DB7 /* MainVC.swift */,
				A0E84F581DE27D5200B75DB7 /* AppDelegate.swift */,
			);
			name = Controller;
			sourceTree = "<group>";
		};
		A0E84F791DE27D7200B75DB7 /* View */ = {
			isa = PBXGroup;
			children = (
				A0E84F611DE27D5200B75DB7 /* LaunchScreen.storyboard */,
				A0E84F5C1DE27D5200B75DB7 /* Main.storyboard */,
				A0E84F821DE281A800B75DB7 /* HeaderView.swift */,
				A0E84F881DE28D7A00B75DB7 /* TacoCell.swift */,
				A0E84F891DE28D7A00B75DB7 /* TacoCell.xib */,
			);
			name = View;
			sourceTree = "<group>";
		};
		A0E84F7A1DE27D7A00B75DB7 /* Model */ = {
			isa = PBXGroup;
			children = (
				A0E84F841DE284A500B75DB7 /* Taco.swift */,
				A0E84F861DE28A8900B75DB7 /* DataService.swift */,
			);
			name = Model;
			sourceTree = "<group>";
		};
		A0E84F7B1DE27D8200B75DB7 /* Resources */ = {
			isa = PBXGroup;
			children = (
				A0E84F641DE27D5200B75DB7 /* Info.plist */,
			);
			name = Resources;
			sourceTree = "<group>";
		};
		A0E84F7C1DE27D9700B75DB7 /* Protocols */ = {
			isa = PBXGroup;
			children = (
				A0E84F801DE2809600B75DB7 /* DropShadow.swift */,
				A0E84F8C1DE2978600B75DB7 /* ReusableView.swift */,
				A0E84F8E1DE2985E00B75DB7 /* NibLoadableView.swift */,
				A05C84581DE43E86007C8859 /* Shakeable.swift */,
			);
			name = Protocols;
			sourceTree = "<group>";
		};
		A0E84F7D1DE27DA400B75DB7 /* Extensions */ = {
			isa = PBXGroup;
			children = (
				A0E84F901DE2994100B75DB7 /* UICollectionView+Ext.swift */,
				A05C84561DE42365007C8859 /* MutableCollection+Ext.swift */,
			);
			name = Extensions;
			sourceTree = "<group>";
		};
/* End PBXGroup section */

/* Begin PBXNativeTarget section */
		A0E84F541DE27D5100B75DB7 /* TacoPOP */ = {
			isa = PBXNativeTarget;
			buildConfigurationList = A0E84F721DE27D5200B75DB7 /* Build configuration list for PBXNativeTarget "TacoPOP" */;
			buildPhases = (
				A0E84F511DE27D5100B75DB7 /* Sources */,
				A0E84F521DE27D5100B75DB7 /* Frameworks */,
				A0E84F531DE27D5100B75DB7 /* Resources */,
			);
			buildRules = (
			);
			dependencies = (
			);
			name = TacoPOP;
			productName = TacoPOP;
			productReference = A0E84F551DE27D5200B75DB7 /* TacoPOP.app */;
			productType = "com.apple.product-type.application";
		};
		A0E84F681DE27D5200B75DB7 /* TacoPOPTests */ = {
			isa = PBXNativeTarget;
			buildConfigurationList = A0E84F751DE27D5200B75DB7 /* Build configuration list for PBXNativeTarget "TacoPOPTests" */;
			buildPhases = (
				A0E84F651DE27D5200B75DB7 /* Sources */,
				A0E84F661DE27D5200B75DB7 /* Frameworks */,
				A0E84F671DE27D5200B75DB7 /* Resources */,
			);
			buildRules = (
			);
			dependencies = (
				A0E84F6B1DE27D5200B75DB7 /* PBXTargetDependency */,
			);
			name = TacoPOPTests;
			productName = TacoPOPTests;
			productReference = A0E84F691DE27D5200B75DB7 /* TacoPOPTests.xctest */;
			productType = "com.apple.product-type.bundle.unit-test";
		};
/* End PBXNativeTarget section */

/* Begin PBXProject section */
		A0E84F4D1DE27D5100B75DB7 /* Project object */ = {
			isa = PBXProject;
			attributes = {
				LastSwiftUpdateCheck = 0820;
				LastUpgradeCheck = 0820;
				ORGANIZATIONNAME = "Emmanuel Erilibe";
				TargetAttributes = {
					A0E84F541DE27D5100B75DB7 = {
						CreatedOnToolsVersion = 8.2;
						DevelopmentTeam = 6P3B4439FG;
						ProvisioningStyle = Automatic;
					};
					A0E84F681DE27D5200B75DB7 = {
						CreatedOnToolsVersion = 8.2;
						DevelopmentTeam = 6P3B4439FG;
						ProvisioningStyle = Automatic;
						TestTargetID = A0E84F541DE27D5100B75DB7;
					};
				};
			};
			buildConfigurationList = A0E84F501DE27D5100B75DB7 /* Build configuration list for PBXProject "TacoPOP" */;
			compatibilityVersion = "Xcode 3.2";
			developmentRegion = English;
			hasScannedForEncodings = 0;
			knownRegions = (
				en,
				Base,
			);
			mainGroup = A0E84F4C1DE27D5100B75DB7;
			productRefGroup = A0E84F561DE27D5200B75DB7 /* Products */;
			projectDirPath = "";
			projectRoot = "";
			targets = (
				A0E84F541DE27D5100B75DB7 /* TacoPOP */,
				A0E84F681DE27D5200B75DB7 /* TacoPOPTests */,
			);
		};
/* End PBXProject section */

/* Begin PBXResourcesBuildPhase section */
		A0E84F531DE27D5100B75DB7 /* Resources */ = {
			isa = PBXResourcesBuildPhase;
			buildActionMask = 2147483647;
			files = (
				A0E84F8B1DE28D7A00B75DB7 /* TacoCell.xib in Resources */,
				A0E84F631DE27D5200B75DB7 /* LaunchScreen.storyboard in Resources */,
				A0E84F601DE27D5200B75DB7 /* Assets.xcassets in Resources */,
				A0E84F5E1DE27D5200B75DB7 /* Main.storyboard in Resources */,
			);
			runOnlyForDeploymentPostprocessing = 0;
		};
		A0E84F671DE27D5200B75DB7 /* Resources */ = {
			isa = PBXResourcesBuildPhase;
			buildActionMask = 2147483647;
			files = (
			);
			runOnlyForDeploymentPostprocessing = 0;
		};
/* End PBXResourcesBuildPhase section */

/* Begin PBXSourcesBuildPhase section */
		A0E84F511DE27D5100B75DB7 /* Sources */ = {
			isa = PBXSourcesBuildPhase;
			buildActionMask = 2147483647;
			files = (
				A0E84F8A1DE28D7A00B75DB7 /* TacoCell.swift in Sources */,
				A05C84571DE42365007C8859 /* MutableCollection+Ext.swift in Sources */,
				A0E84F591DE27D5200B75DB7 /* AppDelegate.swift in Sources */,
				A0E84F811DE2809600B75DB7 /* DropShadow.swift in Sources */,
				A0E84F8F1DE2985E00B75DB7 /* NibLoadableView.swift in Sources */,
				A0E84F911DE2994100B75DB7 /* UICollectionView+Ext.swift in Sources */,
				A0E84F8D1DE2978600B75DB7 /* ReusableView.swift in Sources */,
				A0E84F7F1DE27E0800B75DB7 /* MainVC.swift in Sources */,
				A0E84F871DE28A8900B75DB7 /* DataService.swift in Sources */,
				A0E84F851DE284A500B75DB7 /* Taco.swift in Sources */,
				A05C84591DE43E86007C8859 /* Shakeable.swift in Sources */,
				A0E84F831DE281A800B75DB7 /* HeaderView.swift in Sources */,
			);
			runOnlyForDeploymentPostprocessing = 0;
		};
		A0E84F651DE27D5200B75DB7 /* Sources */ = {
			isa = PBXSourcesBuildPhase;
			buildActionMask = 2147483647;
			files = (
				A0E84F6E1DE27D5200B75DB7 /* TacoPOPTests.swift in Sources */,
			);
			runOnlyForDeploymentPostprocessing = 0;
		};
/* End PBXSourcesBuildPhase section */

/* Begin PBXTargetDependency section */
		A0E84F6B1DE27D5200B75DB7 /* PBXTargetDependency */ = {
			isa = PBXTargetDependency;
			target = A0E84F541DE27D5100B75DB7 /* TacoPOP */;
			targetProxy = A0E84F6A1DE27D5200B75DB7 /* PBXContainerItemProxy */;
		};
/* End PBXTargetDependency section */

/* Begin PBXVariantGroup section */
		A0E84F5C1DE27D5200B75DB7 /* Main.storyboard */ = {
			isa = PBXVariantGroup;
			children = (
				A0E84F5D1DE27D5200B75DB7 /* Base */,
			);
			name = Main.storyboard;
			sourceTree = "<group>";
		};
		A0E84F611DE27D5200B75DB7 /* LaunchScreen.storyboard */ = {
			isa = PBXVariantGroup;
			children = (
				A0E84F621DE27D5200B75DB7 /* Base */,
			);
			name = LaunchScreen.storyboard;
			sourceTree = "<group>";
		};
/* End PBXVariantGroup section */

/* Begin XCBuildConfiguration section */
		A0E84F701DE27D5200B75DB7 /* Debug */ = {
			isa = XCBuildConfiguration;
			buildSettings = {
				ALWAYS_SEARCH_USER_PATHS = NO;
				CLANG_ANALYZER_NONNULL = YES;
				CLANG_CXX_LANGUAGE_STANDARD = "gnu++0x";
				CLANG_CXX_LIBRARY = "libc++";
				CLANG_ENABLE_MODULES = YES;
				CLANG_ENABLE_OBJC_ARC = YES;
				CLANG_WARN_BOOL_CONVERSION = YES;
				CLANG_WARN_CONSTANT_CONVERSION = YES;
				CLANG_WARN_DIRECT_OBJC_ISA_USAGE = YES_ERROR;
				CLANG_WARN_DOCUMENTATION_COMMENTS = YES;
				CLANG_WARN_EMPTY_BODY = YES;
				CLANG_WARN_ENUM_CONVERSION = YES;
				CLANG_WARN_INFINITE_RECURSION = YES;
				CLANG_WARN_INT_CONVERSION = YES;
				CLANG_WARN_OBJC_ROOT_CLASS = YES_ERROR;
				CLANG_WARN_SUSPICIOUS_MOVE = YES;
				CLANG_WARN_UNREACHABLE_CODE = YES;
				CLANG_WARN__DUPLICATE_METHOD_MATCH = YES;
				"CODE_SIGN_IDENTITY[sdk=iphoneos*]" = "iPhone Developer";
				COPY_PHASE_STRIP = NO;
				DEBUG_INFORMATION_FORMAT = dwarf;
				ENABLE_STRICT_OBJC_MSGSEND = YES;
				ENABLE_TESTABILITY = YES;
				GCC_C_LANGUAGE_STANDARD = gnu99;
				GCC_DYNAMIC_NO_PIC = NO;
				GCC_NO_COMMON_BLOCKS = YES;
				GCC_OPTIMIZATION_LEVEL = 0;
				GCC_PREPROCESSOR_DEFINITIONS = (
					"DEBUG=1",
					"$(inherited)",
				);
				GCC_WARN_64_TO_32_BIT_CONVERSION = YES;
				GCC_WARN_ABOUT_RETURN_TYPE = YES_ERROR;
				GCC_WARN_UNDECLARED_SELECTOR = YES;
				GCC_WARN_UNINITIALIZED_AUTOS = YES_AGGRESSIVE;
				GCC_WARN_UNUSED_FUNCTION = YES;
				GCC_WARN_UNUSED_VARIABLE = YES;
				IPHONEOS_DEPLOYMENT_TARGET = 10.2;
				MTL_ENABLE_DEBUG_INFO = YES;
				ONLY_ACTIVE_ARCH = YES;
				SDKROOT = iphoneos;
				SWIFT_ACTIVE_COMPILATION_CONDITIONS = DEBUG;
				SWIFT_OPTIMIZATION_LEVEL = "-Onone";
			};
			name = Debug;
		};
		A0E84F711DE27D5200B75DB7 /* Release */ = {
			isa = XCBuildConfiguration;
			buildSettings = {
				ALWAYS_SEARCH_USER_PATHS = NO;
				CLANG_ANALYZER_NONNULL = YES;
				CLANG_CXX_LANGUAGE_STANDARD = "gnu++0x";
				CLANG_CXX_LIBRARY = "libc++";
				CLANG_ENABLE_MODULES = YES;
				CLANG_ENABLE_OBJC_ARC = YES;
				CLANG_WARN_BOOL_CONVERSION = YES;
				CLANG_WARN_CONSTANT_CONVERSION = YES;
				CLANG_WARN_DIRECT_OBJC_ISA_USAGE = YES_ERROR;
				CLANG_WARN_DOCUMENTATION_COMMENTS = YES;
				CLANG_WARN_EMPTY_BODY = YES;
				CLANG_WARN_ENUM_CONVERSION = YES;
				CLANG_WARN_INFINITE_RECURSION = YES;
				CLANG_WARN_INT_CONVERSION = YES;
				CLANG_WARN_OBJC_ROOT_CLASS = YES_ERROR;
				CLANG_WARN_SUSPICIOUS_MOVE = YES;
				CLANG_WARN_UNREACHABLE_CODE = YES;
				CLANG_WARN__DUPLICATE_METHOD_MATCH = YES;
				"CODE_SIGN_IDENTITY[sdk=iphoneos*]" = "iPhone Developer";
				COPY_PHASE_STRIP = NO;
				DEBUG_INFORMATION_FORMAT = "dwarf-with-dsym";
				ENABLE_NS_ASSERTIONS = NO;
				ENABLE_STRICT_OBJC_MSGSEND = YES;
				GCC_C_LANGUAGE_STANDARD = gnu99;
				GCC_NO_COMMON_BLOCKS = YES;
				GCC_WARN_64_TO_32_BIT_CONVERSION = YES;
				GCC_WARN_ABOUT_RETURN_TYPE = YES_ERROR;
				GCC_WARN_UNDECLARED_SELECTOR = YES;
				GCC_WARN_UNINITIALIZED_AUTOS = YES_AGGRESSIVE;
				GCC_WARN_UNUSED_FUNCTION = YES;
				GCC_WARN_UNUSED_VARIABLE = YES;
				IPHONEOS_DEPLOYMENT_TARGET = 10.2;
				MTL_ENABLE_DEBUG_INFO = NO;
				SDKROOT = iphoneos;
				SWIFT_OPTIMIZATION_LEVEL = "-Owholemodule";
				VALIDATE_PRODUCT = YES;
			};
			name = Release;
		};
		A0E84F731DE27D5200B75DB7 /* Debug */ = {
			isa = XCBuildConfiguration;
			buildSettings = {
				ASSETCATALOG_COMPILER_APPICON_NAME = AppIcon;
				DEVELOPMENT_TEAM = 6P3B4439FG;
				INFOPLIST_FILE = TacoPOP/Info.plist;
				LD_RUNPATH_SEARCH_PATHS = "$(inherited) @executable_path/Frameworks";
				PRODUCT_BUNDLE_IDENTIFIER = com.sledgenail.TacoPOP;
				PRODUCT_NAME = "$(TARGET_NAME)";
				SWIFT_VERSION = 3.0;
			};
			name = Debug;
		};
		A0E84F741DE27D5200B75DB7 /* Release */ = {
			isa = XCBuildConfiguration;
			buildSettings = {
				ASSETCATALOG_COMPILER_APPICON_NAME = AppIcon;
				DEVELOPMENT_TEAM = 6P3B4439FG;
				INFOPLIST_FILE = TacoPOP/Info.plist;
				LD_RUNPATH_SEARCH_PATHS = "$(inherited) @executable_path/Frameworks";
				PRODUCT_BUNDLE_IDENTIFIER = com.sledgenail.TacoPOP;
				PRODUCT_NAME = "$(TARGET_NAME)";
				SWIFT_VERSION = 3.0;
			};
			name = Release;
		};
		A0E84F761DE27D5200B75DB7 /* Debug */ = {
			isa = XCBuildConfiguration;
			buildSettings = {
				ALWAYS_EMBED_SWIFT_STANDARD_LIBRARIES = YES;
				BUNDLE_LOADER = "$(TEST_HOST)";
				DEVELOPMENT_TEAM = 6P3B4439FG;
				INFOPLIST_FILE = TacoPOPTests/Info.plist;
				LD_RUNPATH_SEARCH_PATHS = "$(inherited) @executable_path/Frameworks @loader_path/Frameworks";
				PRODUCT_BUNDLE_IDENTIFIER = com.sledgenail.TacoPOPTests;
				PRODUCT_NAME = "$(TARGET_NAME)";
				SWIFT_VERSION = 3.0;
				TEST_HOST = "$(BUILT_PRODUCTS_DIR)/TacoPOP.app/TacoPOP";
			};
			name = Debug;
		};
		A0E84F771DE27D5200B75DB7 /* Release */ = {
			isa = XCBuildConfiguration;
			buildSettings = {
				ALWAYS_EMBED_SWIFT_STANDARD_LIBRARIES = YES;
				BUNDLE_LOADER = "$(TEST_HOST)";
				DEVELOPMENT_TEAM = 6P3B4439FG;
				INFOPLIST_FILE = TacoPOPTests/Info.plist;
				LD_RUNPATH_SEARCH_PATHS = "$(inherited) @executable_path/Frameworks @loader_path/Frameworks";
				PRODUCT_BUNDLE_IDENTIFIER = com.sledgenail.TacoPOPTests;
				PRODUCT_NAME = "$(TARGET_NAME)";
				SWIFT_VERSION = 3.0;
				TEST_HOST = "$(BUILT_PRODUCTS_DIR)/TacoPOP.app/TacoPOP";
			};
			name = Release;
		};
/* End XCBuildConfiguration section */

/* Begin XCConfigurationList section */
		A0E84F501DE27D5100B75DB7 /* Build configuration list for PBXProject "TacoPOP" */ = {
			isa = XCConfigurationList;
			buildConfigurations = (
				A0E84F701DE27D5200B75DB7 /* Debug */,
				A0E84F711DE27D5200B75DB7 /* Release */,
			);
			defaultConfigurationIsVisible = 0;
			defaultConfigurationName = Release;
		};
		A0E84F721DE27D5200B75DB7 /* Build configuration list for PBXNativeTarget "TacoPOP" */ = {
			isa = XCConfigurationList;
			buildConfigurations = (
				A0E84F731DE27D5200B75DB7 /* Debug */,
				A0E84F741DE27D5200B75DB7 /* Release */,
			);
			defaultConfigurationIsVisible = 0;
			defaultConfigurationName = Release;
		};
		A0E84F751DE27D5200B75DB7 /* Build configuration list for PBXNativeTarget "TacoPOPTests" */ = {
			isa = XCConfigurationList;
			buildConfigurations = (
				A0E84F761DE27D5200B75DB7 /* Debug */,
				A0E84F771DE27D5200B75DB7 /* Release */,
			);
			defaultConfigurationIsVisible = 0;
			defaultConfigurationName = Release;
		};
/* End XCConfigurationList section */
	};
	rootObject = A0E84F4D1DE27D5100B75DB7 /* Project object */;
}
